PODS:
  - SKFRemotePlayerLib (0.1.1)

DEPENDENCIES:
  - SKFRemotePlayerLib (from `../`)

EXTERNAL SOURCES:
  SKFRemotePlayerLib:
    :path: "../"

SPEC CHECKSUMS:
  SKFRemotePlayerLib: f8986a95881688eaddcbdcfe64a1b8455a89d4df

PODFILE CHECKSUM: 4eff2364ad6fd9a046a7e88f45a4d2949e01c4ea

COCOAPODS: 1.2.0
